
Microsoft Visual Studio Solution File, Format Version 12.00
# Visual Studio Version 16
VisualStudioVersion = 16.0.30128.74
MinimumVisualStudioVersion = 10.0.40219.1
Project("{FAE04EC0-301F-11D3-BF4B-00C04F79EFBC}") = "Loginet.Test", "Loginet.Test\Loginet.Test.csproj", "{AD77428C-F4AA-46B1-B5FA-DDFE811719B2}"
EndProject
Global
	GlobalSection(SolutionConfigurationPlatforms) = preSolution
		Debug|Any CPU = Debug|Any CPU
		Release|Any CPU = Release|Any CPU
	EndGlobalSection
	GlobalSection(ProjectConfigurationPlatforms) = postSolution
		{AD77428C-F4AA-46B1-B5FA-DDFE811719B2}.Debug|Any CPU.ActiveCfg = Debug|Any CPU
		{AD77428C-F4AA-46B1-B5FA-DDFE811719B2}.Debug|Any CPU.Build.0 = Debug|Any CPU
		{AD77428C-F4AA-46B1-B5FA-DDFE811719B2}.Release|Any CPU.ActiveCfg = Release|Any CPU
		{AD77428C-F4AA-46B1-B5FA-DDFE811719B2}.Release|Any CPU.Build.0 = Release|Any CPU
	EndGlobalSection
	GlobalSection(SolutionProperties) = preSolution
		HideSolutionNode = FALSE
	EndGlobalSection
	GlobalSection(ExtensibilityGlobals) = postSolution
		SolutionGuid = {5FAFA927-5F1E-42D5-96D7-95DF3829927F}
	EndGlobalSection
EndGlobal
